
Microsoft Visual Studio Solution File, Format Version 12.00
# Visual Studio Version 16
VisualStudioVersion = 16.0.29926.136
MinimumVisualStudioVersion = 10.0.40219.1
Project("{9A19103F-16F7-4668-BE54-9A1E7A4F7556}") = "RestApiTestExercise", "RestApiTestExercise.csproj", "{EBD805BE-4620-4BF0-AA1E-C68EC4CF6A56}"
EndProject
Global
	GlobalSection(SolutionConfigurationPlatforms) = preSolution
		Debug|Any CPU = Debug|Any CPU
		QA|Any CPU = QA|Any CPU
		Release|Any CPU = Release|Any CPU
		UAT|Any CPU = UAT|Any CPU
	EndGlobalSection
	GlobalSection(ProjectConfigurationPlatforms) = postSolution
		{EBD805BE-4620-4BF0-AA1E-C68EC4CF6A56}.Debug|Any CPU.ActiveCfg = Debug|Any CPU
		{EBD805BE-4620-4BF0-AA1E-C68EC4CF6A56}.Debug|Any CPU.Build.0 = Debug|Any CPU
		{EBD805BE-4620-4BF0-AA1E-C68EC4CF6A56}.QA|Any CPU.ActiveCfg = QA|Any CPU
		{EBD805BE-4620-4BF0-AA1E-C68EC4CF6A56}.QA|Any CPU.Build.0 = QA|Any CPU
		{EBD805BE-4620-4BF0-AA1E-C68EC4CF6A56}.Release|Any CPU.ActiveCfg = Release|Any CPU
		{EBD805BE-4620-4BF0-AA1E-C68EC4CF6A56}.Release|Any CPU.Build.0 = Release|Any CPU
		{EBD805BE-4620-4BF0-AA1E-C68EC4CF6A56}.UAT|Any CPU.ActiveCfg = UAT|Any CPU
		{EBD805BE-4620-4BF0-AA1E-C68EC4CF6A56}.UAT|Any CPU.Build.0 = UAT|Any CPU
	EndGlobalSection
	GlobalSection(SolutionProperties) = preSolution
		HideSolutionNode = FALSE
	EndGlobalSection
	GlobalSection(ExtensibilityGlobals) = postSolution
		SolutionGuid = {CF5EECCC-F23B-4BDF-8610-0201CF90D100}
	EndGlobalSection
EndGlobal
